
Microsoft Visual Studio Solution File, Format Version 12.00
# Visual Studio Version 17
VisualStudioVersion = 17.7.34009.444
MinimumVisualStudioVersion = 10.0.40219.1
Project("{FAE04EC0-301F-11D3-BF4B-00C04F79EFBC}") = "WinFormsDeliExpress", "WinFormsDeliExpress\WinFormsDeliExpress.csproj", "{D1F7E1C6-5741-49AB-B5BC-1CC151970397}"
EndProject
Global
	GlobalSection(SolutionConfigurationPlatforms) = preSolution
		Debug|Any CPU = Debug|Any CPU
		Release|Any CPU = Release|Any CPU
	EndGlobalSection
	GlobalSection(ProjectConfigurationPlatforms) = postSolution
		{D1F7E1C6-5741-49AB-B5BC-1CC151970397}.Debug|Any CPU.ActiveCfg = Debug|Any CPU
		{D1F7E1C6-5741-49AB-B5BC-1CC151970397}.Debug|Any CPU.Build.0 = Debug|Any CPU
		{D1F7E1C6-5741-49AB-B5BC-1CC151970397}.Release|Any CPU.ActiveCfg = Release|Any CPU
		{D1F7E1C6-5741-49AB-B5BC-1CC151970397}.Release|Any CPU.Build.0 = Release|Any CPU
	EndGlobalSection
	GlobalSection(SolutionProperties) = preSolution
		HideSolutionNode = FALSE
	EndGlobalSection
	GlobalSection(ExtensibilityGlobals) = postSolution
		SolutionGuid = {846C1F39-10DD-441A-A217-2F6A9183F4BD}
	EndGlobalSection
EndGlobal
